
Microsoft Visual Studio Solution File, Format Version 12.00
# Visual Studio Version 17
VisualStudioVersion = 17.5.002.0
MinimumVisualStudioVersion = 10.0.40219.1
Project("{9A19103F-16F7-4668-BE54-9A1E7A4F7556}") = "PatyTempo", "PatyTempo\PatyTempo.csproj", "{52459B0E-105F-4DC9-8914-19691E2125FA}"
EndProject
Global
	GlobalSection(SolutionConfigurationPlatforms) = preSolution
		Debug|Any CPU = Debug|Any CPU
		Release|Any CPU = Release|Any CPU
	EndGlobalSection
	GlobalSection(ProjectConfigurationPlatforms) = postSolution
		{52459B0E-105F-4DC9-8914-19691E2125FA}.Debug|Any CPU.ActiveCfg = Debug|Any CPU
		{52459B0E-105F-4DC9-8914-19691E2125FA}.Debug|Any CPU.Build.0 = Debug|Any CPU
		{52459B0E-105F-4DC9-8914-19691E2125FA}.Release|Any CPU.ActiveCfg = Release|Any CPU
		{52459B0E-105F-4DC9-8914-19691E2125FA}.Release|Any CPU.Build.0 = Release|Any CPU
	EndGlobalSection
	GlobalSection(SolutionProperties) = preSolution
		HideSolutionNode = FALSE
	EndGlobalSection
	GlobalSection(ExtensibilityGlobals) = postSolution
		SolutionGuid = {B4CAF845-048F-4497-87FF-BE667547EFBF}
	EndGlobalSection
EndGlobal
